
Microsoft Visual Studio Solution File, Format Version 12.00
# Visual Studio Version 17
VisualStudioVersion = 17.8.34511.84
MinimumVisualStudioVersion = 10.0.40219.1
Project("{FAE04EC0-301F-11D3-BF4B-00C04F79EFBC}") = "OneCard.Server", "OneCard.Server\OneCard.Server.csproj", "{F155385C-E2F5-460E-9082-9F45CE638540}"
EndProject
Project("{54A90642-561A-4BB1-A94E-469ADEE60C69}") = "onecard.client", "onecard.client\onecard.client.esproj", "{EBE72FB1-B35F-4520-BD62-730699982B6B}"
EndProject
Global
	GlobalSection(SolutionConfigurationPlatforms) = preSolution
		Debug|Any CPU = Debug|Any CPU
		Release|Any CPU = Release|Any CPU
	EndGlobalSection
	GlobalSection(ProjectConfigurationPlatforms) = postSolution
		{F155385C-E2F5-460E-9082-9F45CE638540}.Debug|Any CPU.ActiveCfg = Debug|Any CPU
		{F155385C-E2F5-460E-9082-9F45CE638540}.Debug|Any CPU.Build.0 = Debug|Any CPU
		{F155385C-E2F5-460E-9082-9F45CE638540}.Release|Any CPU.ActiveCfg = Release|Any CPU
		{F155385C-E2F5-460E-9082-9F45CE638540}.Release|Any CPU.Build.0 = Release|Any CPU
		{EBE72FB1-B35F-4520-BD62-730699982B6B}.Debug|Any CPU.ActiveCfg = Debug|Any CPU
		{EBE72FB1-B35F-4520-BD62-730699982B6B}.Debug|Any CPU.Build.0 = Debug|Any CPU
		{EBE72FB1-B35F-4520-BD62-730699982B6B}.Debug|Any CPU.Deploy.0 = Debug|Any CPU
		{EBE72FB1-B35F-4520-BD62-730699982B6B}.Release|Any CPU.ActiveCfg = Release|Any CPU
		{EBE72FB1-B35F-4520-BD62-730699982B6B}.Release|Any CPU.Build.0 = Release|Any CPU
		{EBE72FB1-B35F-4520-BD62-730699982B6B}.Release|Any CPU.Deploy.0 = Release|Any CPU
	EndGlobalSection
	GlobalSection(SolutionProperties) = preSolution
		HideSolutionNode = FALSE
	EndGlobalSection
	GlobalSection(ExtensibilityGlobals) = postSolution
		SolutionGuid = {702AC4EF-666F-4A15-8E7B-74D3DF0744F5}
	EndGlobalSection
EndGlobal
