
Microsoft Visual Studio Solution File, Format Version 12.00
# Visual Studio Version 17
VisualStudioVersion = 17.8.34408.163
MinimumVisualStudioVersion = 10.0.40219.1
Project("{FAE04EC0-301F-11D3-BF4B-00C04F79EFBC}") = "OneClient.server", "OneClient.server\OneClient.server.csproj", "{8A5A47D5-FBE6-4B53-A7B8-6EC2A33923AB}"
EndProject
Global
	GlobalSection(SolutionConfigurationPlatforms) = preSolution
		Debug|Any CPU = Debug|Any CPU
		Release|Any CPU = Release|Any CPU
	EndGlobalSection
	GlobalSection(ProjectConfigurationPlatforms) = postSolution
		{8A5A47D5-FBE6-4B53-A7B8-6EC2A33923AB}.Debug|Any CPU.ActiveCfg = Debug|Any CPU
		{8A5A47D5-FBE6-4B53-A7B8-6EC2A33923AB}.Debug|Any CPU.Build.0 = Debug|Any CPU
		{8A5A47D5-FBE6-4B53-A7B8-6EC2A33923AB}.Release|Any CPU.ActiveCfg = Release|Any CPU
		{8A5A47D5-FBE6-4B53-A7B8-6EC2A33923AB}.Release|Any CPU.Build.0 = Release|Any CPU
	EndGlobalSection
	GlobalSection(SolutionProperties) = preSolution
		HideSolutionNode = FALSE
	EndGlobalSection
	GlobalSection(ExtensibilityGlobals) = postSolution
		SolutionGuid = {C83DD17C-DD8A-4734-B7E9-C7412E594884}
	EndGlobalSection
EndGlobal
